
Microsoft Visual Studio Solution File, Format Version 12.00
# Visual Studio Version 17
VisualStudioVersion = 17.3.32922.545
MinimumVisualStudioVersion = 10.0.40219.1
Project("{FAE04EC0-301F-11D3-BF4B-00C04F79EFBC}") = "ProdductReviewManagement", "ProdductReviewManagement\ProdductReviewManagement.csproj", "{76239918-A13A-4827-9786-56697741309B}"
EndProject
Global
	GlobalSection(SolutionConfigurationPlatforms) = preSolution
		Debug|Any CPU = Debug|Any CPU
		Release|Any CPU = Release|Any CPU
	EndGlobalSection
	GlobalSection(ProjectConfigurationPlatforms) = postSolution
		{76239918-A13A-4827-9786-56697741309B}.Debug|Any CPU.ActiveCfg = Debug|Any CPU
		{76239918-A13A-4827-9786-56697741309B}.Debug|Any CPU.Build.0 = Debug|Any CPU
		{76239918-A13A-4827-9786-56697741309B}.Release|Any CPU.ActiveCfg = Release|Any CPU
		{76239918-A13A-4827-9786-56697741309B}.Release|Any CPU.Build.0 = Release|Any CPU
	EndGlobalSection
	GlobalSection(SolutionProperties) = preSolution
		HideSolutionNode = FALSE
	EndGlobalSection
	GlobalSection(ExtensibilityGlobals) = postSolution
		SolutionGuid = {AE8F5833-3033-48DF-AB29-D1D6A6C2B8AD}
	EndGlobalSection
EndGlobal
